
Microsoft Visual Studio Solution File, Format Version 12.00
# Visual Studio Version 17
VisualStudioVersion = 17.2.32630.192
MinimumVisualStudioVersion = 10.0.40219.1
Project("{2150E333-8FDC-42A3-9474-1A3956D46DE8}") = "Api", "Api", "{61AB8175-FB49-41CC-8874-8BB157B40122}"
EndProject
Project("{2150E333-8FDC-42A3-9474-1A3956D46DE8}") = "Application", "Application", "{C980A492-5B4F-40A3-99AD-9FD0375900D7}"
EndProject
Project("{2150E333-8FDC-42A3-9474-1A3956D46DE8}") = "Domain", "Domain", "{27094BE4-0865-43D4-BF05-FA0A26559CBF}"
EndProject
Project("{2150E333-8FDC-42A3-9474-1A3956D46DE8}") = "Infrastructure", "Infrastructure", "{F74A101C-26F7-4CC9-BE2C-93EFAEDF3A1B}"
EndProject
Project("{9A19103F-16F7-4668-BE54-9A1E7A4F7556}") = "EmployeeApp.Domain", "EmployeeApp.Domain\EmployeeApp.Domain.csproj", "{07E6BA18-A887-4CA3-834E-AF6C52DB4C83}"
	ProjectSection(ProjectDependencies) = postProject
		{D60D793F-B90D-4CC6-AB8A-8E0971634843} = {D60D793F-B90D-4CC6-AB8A-8E0971634843}
	EndProjectSection
EndProject
Project("{9A19103F-16F7-4668-BE54-9A1E7A4F7556}") = "EmployeeApp.Application", "EmployeeApp.Application\EmployeeApp.Application.csproj", "{440CA4C1-7432-4A15-93BE-EB0D719BCE00}"
	ProjectSection(ProjectDependencies) = postProject
		{07E6BA18-A887-4CA3-834E-AF6C52DB4C83} = {07E6BA18-A887-4CA3-834E-AF6C52DB4C83}
		{D60D793F-B90D-4CC6-AB8A-8E0971634843} = {D60D793F-B90D-4CC6-AB8A-8E0971634843}
	EndProjectSection
EndProject
Project("{9A19103F-16F7-4668-BE54-9A1E7A4F7556}") = "EmployeeApp.Infrastructure", "EmployeeApp.Infrastructure\EmployeeApp.Infrastructure.csproj", "{D60D793F-B90D-4CC6-AB8A-8E0971634843}"
EndProject
Project("{9A19103F-16F7-4668-BE54-9A1E7A4F7556}") = "EmployeeApp.Api", "EmployeeApp.Api\EmployeeApp.Api.csproj", "{CE0AEDA9-F771-4B2C-A927-8F13C13B0EC8}"
EndProject
Project("{2150E333-8FDC-42A3-9474-1A3956D46DE8}") = "Common", "Common", "{8249EDBF-32AC-49D8-9229-E7734640FB0E}"
	ProjectSection(SolutionItems) = preProject
		EntityBase.cs = EntityBase.cs
		IRepository.cs = IRepository.cs
	EndProjectSection
EndProject
Project("{2150E333-8FDC-42A3-9474-1A3956D46DE8}") = "Entities", "Entities", "{7E9C3E43-89B0-4ACA-B76C-1643EA2FB32F}"
	ProjectSection(SolutionItems) = preProject
		Employee.cs = Employee.cs
	EndProjectSection
EndProject
Project("{2150E333-8FDC-42A3-9474-1A3956D46DE8}") = "Interfaces", "Interfaces", "{879F1D72-0CEC-4E7F-92EB-D2F13A136F42}"
EndProject
Project("{2150E333-8FDC-42A3-9474-1A3956D46DE8}") = "Repositories", "Repositories", "{09253E3B-0483-4AA8-A869-8AD009C6322C}"
	ProjectSection(SolutionItems) = preProject
		IEmployeeAppRepository.cs = IEmployeeAppRepository.cs
	EndProjectSection
EndProject
Project("{2150E333-8FDC-42A3-9474-1A3956D46DE8}") = "Common", "Common", "{F5575485-7ACE-4D35-AC02-E0C85A97771A}"
	ProjectSection(SolutionItems) = preProject
		Repository.cs = Repository.cs
	EndProjectSection
EndProject
Project("{2150E333-8FDC-42A3-9474-1A3956D46DE8}") = "Context", "Context", "{121C1307-90CC-41C8-B0FE-C21E3FDAE38E}"
	ProjectSection(SolutionItems) = preProject
		AppDbContext.cs = AppDbContext.cs
	EndProjectSection
EndProject
Project("{2150E333-8FDC-42A3-9474-1A3956D46DE8}") = "Repositories", "Repositories", "{F37010D6-A12B-4BD0-BCC4-004815837103}"
	ProjectSection(SolutionItems) = preProject
		EmployeeRepository.cs = EmployeeRepository.cs
	EndProjectSection
EndProject
Project("{2150E333-8FDC-42A3-9474-1A3956D46DE8}") = "Interfaces", "Interfaces", "{C5605CB3-E7AB-47A4-96FC-13CC6D2134C7}"
	ProjectSection(SolutionItems) = preProject
		IEmployeeService.cs = IEmployeeService.cs
	EndProjectSection
EndProject
Project("{2150E333-8FDC-42A3-9474-1A3956D46DE8}") = "Services", "Services", "{715C5AC2-C1B2-4896-B9D1-16AA209D7ABE}"
	ProjectSection(SolutionItems) = preProject
		EmployeeService.cs = EmployeeService.cs
	EndProjectSection
EndProject
Global
	GlobalSection(SolutionConfigurationPlatforms) = preSolution
		Debug|Any CPU = Debug|Any CPU
		Release|Any CPU = Release|Any CPU
	EndGlobalSection
	GlobalSection(ProjectConfigurationPlatforms) = postSolution
		{07E6BA18-A887-4CA3-834E-AF6C52DB4C83}.Debug|Any CPU.ActiveCfg = Debug|Any CPU
		{07E6BA18-A887-4CA3-834E-AF6C52DB4C83}.Debug|Any CPU.Build.0 = Debug|Any CPU
		{07E6BA18-A887-4CA3-834E-AF6C52DB4C83}.Release|Any CPU.ActiveCfg = Release|Any CPU
		{07E6BA18-A887-4CA3-834E-AF6C52DB4C83}.Release|Any CPU.Build.0 = Release|Any CPU
		{440CA4C1-7432-4A15-93BE-EB0D719BCE00}.Debug|Any CPU.ActiveCfg = Debug|Any CPU
		{440CA4C1-7432-4A15-93BE-EB0D719BCE00}.Debug|Any CPU.Build.0 = Debug|Any CPU
		{440CA4C1-7432-4A15-93BE-EB0D719BCE00}.Release|Any CPU.ActiveCfg = Release|Any CPU
		{440CA4C1-7432-4A15-93BE-EB0D719BCE00}.Release|Any CPU.Build.0 = Release|Any CPU
		{D60D793F-B90D-4CC6-AB8A-8E0971634843}.Debug|Any CPU.ActiveCfg = Debug|Any CPU
		{D60D793F-B90D-4CC6-AB8A-8E0971634843}.Debug|Any CPU.Build.0 = Debug|Any CPU
		{D60D793F-B90D-4CC6-AB8A-8E0971634843}.Release|Any CPU.ActiveCfg = Release|Any CPU
		{D60D793F-B90D-4CC6-AB8A-8E0971634843}.Release|Any CPU.Build.0 = Release|Any CPU
		{CE0AEDA9-F771-4B2C-A927-8F13C13B0EC8}.Debug|Any CPU.ActiveCfg = Debug|Any CPU
		{CE0AEDA9-F771-4B2C-A927-8F13C13B0EC8}.Debug|Any CPU.Build.0 = Debug|Any CPU
		{CE0AEDA9-F771-4B2C-A927-8F13C13B0EC8}.Release|Any CPU.ActiveCfg = Release|Any CPU
		{CE0AEDA9-F771-4B2C-A927-8F13C13B0EC8}.Release|Any CPU.Build.0 = Release|Any CPU
	EndGlobalSection
	GlobalSection(SolutionProperties) = preSolution
		HideSolutionNode = FALSE
	EndGlobalSection
	GlobalSection(NestedProjects) = preSolution
		{07E6BA18-A887-4CA3-834E-AF6C52DB4C83} = {27094BE4-0865-43D4-BF05-FA0A26559CBF}
		{440CA4C1-7432-4A15-93BE-EB0D719BCE00} = {C980A492-5B4F-40A3-99AD-9FD0375900D7}
		{D60D793F-B90D-4CC6-AB8A-8E0971634843} = {F74A101C-26F7-4CC9-BE2C-93EFAEDF3A1B}
		{CE0AEDA9-F771-4B2C-A927-8F13C13B0EC8} = {61AB8175-FB49-41CC-8874-8BB157B40122}
		{8249EDBF-32AC-49D8-9229-E7734640FB0E} = {27094BE4-0865-43D4-BF05-FA0A26559CBF}
		{7E9C3E43-89B0-4ACA-B76C-1643EA2FB32F} = {27094BE4-0865-43D4-BF05-FA0A26559CBF}
		{879F1D72-0CEC-4E7F-92EB-D2F13A136F42} = {27094BE4-0865-43D4-BF05-FA0A26559CBF}
		{09253E3B-0483-4AA8-A869-8AD009C6322C} = {879F1D72-0CEC-4E7F-92EB-D2F13A136F42}
		{F5575485-7ACE-4D35-AC02-E0C85A97771A} = {F74A101C-26F7-4CC9-BE2C-93EFAEDF3A1B}
		{121C1307-90CC-41C8-B0FE-C21E3FDAE38E} = {F74A101C-26F7-4CC9-BE2C-93EFAEDF3A1B}
		{F37010D6-A12B-4BD0-BCC4-004815837103} = {F74A101C-26F7-4CC9-BE2C-93EFAEDF3A1B}
		{C5605CB3-E7AB-47A4-96FC-13CC6D2134C7} = {C980A492-5B4F-40A3-99AD-9FD0375900D7}
		{715C5AC2-C1B2-4896-B9D1-16AA209D7ABE} = {C980A492-5B4F-40A3-99AD-9FD0375900D7}
	EndGlobalSection
	GlobalSection(ExtensibilityGlobals) = postSolution
		SolutionGuid = {259C8BF3-A200-4C70-A864-2096E3EF3676}
	EndGlobalSection
EndGlobal
